{
  "version": "1.0.0",
  "skills": {
    "skill:better-auth-best-practices": {
      "url": "https://github.com/better-auth/skills.git",
      "branch": "main",
      "commit": "14c9623ff7cced5cdd83f026c8cc697e86b66eff"
    },
    "skill:copy-editing": {
      "url": "https://github.com/coreyhaines31/marketingskills.git",
      "branch": "main",
      "commit": "96fa94e8b79d08010ddc67ed1a70f677feff2027"
    },
    "skill:copywriting": {
      "url": "https://github.com/coreyhaines31/marketingskills.git",
      "branch": "main",
      "commit": "96fa94e8b79d08010ddc67ed1a70f677feff2027"
    },
    "skill:programmatic-seo": {
      "url": "https://github.com/coreyhaines31/marketingskills.git",
      "branch": "main",
      "commit": "96fa94e8b79d08010ddc67ed1a70f677feff2027"
    },
    "skill:seo-audit": {
      "url": "https://github.com/coreyhaines31/marketingskills.git",
      "branch": "main",
      "commit": "96fa94e8b79d08010ddc67ed1a70f677feff2027"
    },
    "skill:betterauth-tanstack-convex": {
      "url": "https://github.com/Sstobo/convex-skills.git",
      "branch": "main",
      "commit": "6a79f87f1e966bc7fcf542597ef00cd6951ef556"
    },
    "skill:convex-tanstack": {
      "url": "https://github.com/Sstobo/convex-skills.git",
      "branch": "main",
      "commit": "6a79f87f1e966bc7fcf542597ef00cd6951ef556"
    },
    "skill:avoid-feature-creep": {
      "url": "https://github.com/waynesutton/convexskills.git",
      "branch": "main",
      "commit": "df746ee77ee774c98e623f24d7799c4c8a76473d"
    },
    "skill:convex-best-practices": {
      "url": "https://github.com/waynesutton/convexskills.git",
      "branch": "main",
      "commit": "df746ee77ee774c98e623f24d7799c4c8a76473d"
    },
    "skill:convex-file-storage": {
      "url": "https://github.com/waynesutton/convexskills.git",
      "branch": "main",
      "commit": "df746ee77ee774c98e623f24d7799c4c8a76473d"
    },
    "skill:convex-functions": {
      "url": "https://github.com/waynesutton/convexskills.git",
      "branch": "main",
      "commit": "df746ee77ee774c98e623f24d7799c4c8a76473d"
    },
    "skill:convex-http-actions": {
      "url": "https://github.com/waynesutton/convexskills.git",
      "branch": "main",
      "commit": "df746ee77ee774c98e623f24d7799c4c8a76473d"
    },
    "skill:convex-schema-validator": {
      "url": "https://github.com/waynesutton/convexskills.git",
      "branch": "main",
      "commit": "df746ee77ee774c98e623f24d7799c4c8a76473d"
    },
    "skill:convex-security-audit": {
      "url": "https://github.com/waynesutton/convexskills.git",
      "branch": "main",
      "commit": "df746ee77ee774c98e623f24d7799c4c8a76473d"
    },
    "skill:convex-security-check": {
      "url": "https://github.com/waynesutton/convexskills.git",
      "branch": "main",
      "commit": "df746ee77ee774c98e623f24d7799c4c8a76473d"
    },
    "skill:convex-realtime": {
      "url": "https://github.com/waynesutton/convexskills.git",
      "branch": "main",
      "commit": "df746ee77ee774c98e623f24d7799c4c8a76473d"
    },
    "skill:convex-migrations": {
      "url": "https://github.com/waynesutton/convexskills.git",
      "branch": "main",
      "commit": "df746ee77ee774c98e623f24d7799c4c8a76473d"
    },
    "skill:convex-cron-jobs": {
      "url": "https://github.com/waynesutton/convexskills.git",
      "branch": "main",
      "commit": "df746ee77ee774c98e623f24d7799c4c8a76473d"
    },
    "skill:convex-component-authoring": {
      "url": "https://github.com/waynesutton/convexskills.git",
      "branch": "main",
      "commit": "df746ee77ee774c98e623f24d7799c4c8a76473d"
    },
    "skill:convex-agents": {
      "url": "https://github.com/waynesutton/convexskills.git",
      "branch": "main",
      "commit": "df746ee77ee774c98e623f24d7799c4c8a76473d"
    },
    "skill:convex": {
      "url": "https://github.com/waynesutton/convexskills.git",
      "branch": "main",
      "commit": "df746ee77ee774c98e623f24d7799c4c8a76473d"
    },
    "skill:email-best-practices": {
      "url": "https://github.com/resend/email-best-practices.git",
      "branch": "main",
      "commit": "46f30743faf29509cd915fd624b4419534719e2e"
    }
  }
}